
Microsoft Visual Studio Solution File, Format Version 12.00
# Visual Studio 15
Project("{FAE04EC0-301F-11D3-BF4B-00C04F79EFBC}") = "Reinforcement_Learning", "Reinforcement_Learning\Reinforcement_Learning.csproj", "{C8194126-FF9E-4357-908C-CDD5B2D28630}"
EndProject
Project("{FAE04EC0-301F-11D3-BF4B-00C04F79EFBC}") = "TestLibrary", "TestLibrary\TestLibrary.csproj", "{45A85F24-576D-4436-954A-90F832725E02}"
EndProject
Project("{FAE04EC0-301F-11D3-BF4B-00C04F79EFBC}") = "Reinforcement_Learning_Console_App", "Reinforcement_Learning_Console_App\Reinforcement_Learning_Console_App.csproj", "{4AA1EFF7-197E-411B-A086-30FF02D274BC}"
EndProject
Global
	GlobalSection(SolutionConfigurationPlatforms) = preSolution
		Debug|Any CPU = Debug|Any CPU
		Release|Any CPU = Release|Any CPU
	EndGlobalSection
	GlobalSection(ProjectConfigurationPlatforms) = postSolution
		{C8194126-FF9E-4357-908C-CDD5B2D28630}.Debug|Any CPU.ActiveCfg = Debug|Any CPU
		{C8194126-FF9E-4357-908C-CDD5B2D28630}.Debug|Any CPU.Build.0 = Debug|Any CPU
		{C8194126-FF9E-4357-908C-CDD5B2D28630}.Release|Any CPU.ActiveCfg = Release|Any CPU
		{C8194126-FF9E-4357-908C-CDD5B2D28630}.Release|Any CPU.Build.0 = Release|Any CPU
		{45A85F24-576D-4436-954A-90F832725E02}.Debug|Any CPU.ActiveCfg = Debug|Any CPU
		{45A85F24-576D-4436-954A-90F832725E02}.Debug|Any CPU.Build.0 = Debug|Any CPU
		{45A85F24-576D-4436-954A-90F832725E02}.Release|Any CPU.ActiveCfg = Release|Any CPU
		{45A85F24-576D-4436-954A-90F832725E02}.Release|Any CPU.Build.0 = Release|Any CPU
		{4AA1EFF7-197E-411B-A086-30FF02D274BC}.Debug|Any CPU.ActiveCfg = Debug|Any CPU
		{4AA1EFF7-197E-411B-A086-30FF02D274BC}.Debug|Any CPU.Build.0 = Debug|Any CPU
		{4AA1EFF7-197E-411B-A086-30FF02D274BC}.Release|Any CPU.ActiveCfg = Release|Any CPU
		{4AA1EFF7-197E-411B-A086-30FF02D274BC}.Release|Any CPU.Build.0 = Release|Any CPU
	EndGlobalSection
EndGlobal
